
Microsoft Visual Studio Solution File, Format Version 12.00
# Visual Studio Version 16
VisualStudioVersion = 16.0.32802.440
MinimumVisualStudioVersion = 10.0.40219.1
Project("{FAE04EC0-301F-11D3-BF4B-00C04F79EFBC}") = "Game_", "Game_\Game_.csproj", "{917D8B06-3BF5-4C4A-8A30-512BCF1018AF}"
EndProject
Global
	GlobalSection(SolutionConfigurationPlatforms) = preSolution
		Debug|Any CPU = Debug|Any CPU
		Release|Any CPU = Release|Any CPU
	EndGlobalSection
	GlobalSection(ProjectConfigurationPlatforms) = postSolution
		{917D8B06-3BF5-4C4A-8A30-512BCF1018AF}.Debug|Any CPU.ActiveCfg = Debug|Any CPU
		{917D8B06-3BF5-4C4A-8A30-512BCF1018AF}.Debug|Any CPU.Build.0 = Debug|Any CPU
		{917D8B06-3BF5-4C4A-8A30-512BCF1018AF}.Release|Any CPU.ActiveCfg = Release|Any CPU
		{917D8B06-3BF5-4C4A-8A30-512BCF1018AF}.Release|Any CPU.Build.0 = Release|Any CPU
	EndGlobalSection
	GlobalSection(SolutionProperties) = preSolution
		HideSolutionNode = FALSE
	EndGlobalSection
	GlobalSection(ExtensibilityGlobals) = postSolution
		SolutionGuid = {3DAD87FF-7C1B-4255-A594-BE3ECDEA72E5}
	EndGlobalSection
EndGlobal
